
Microsoft Visual Studio Solution File, Format Version 12.00
# Visual Studio Version 16
VisualStudioVersion = 16.0.30804.86
MinimumVisualStudioVersion = 10.0.40219.1
Project("{FAE04EC0-301F-11D3-BF4B-00C04F79EFBC}") = "ReportingFactory", "ReportingFactory.csproj", "{15A8DDCA-19AA-4B28-9EB2-7D291DDA0D78}"
EndProject
Project("{2150E333-8FDC-42A3-9474-1A3956D46DE8}") = "Solution Items", "Solution Items", "{A7416DE0-B315-486A-98F0-977A05E8A35B}"
	ProjectSection(SolutionItems) = preProject
		CTSWeb.sln.vsspell = CTSWeb.sln.vsspell
	EndProjectSection
EndProject
Project("{FAE04EC0-301F-11D3-BF4B-00C04F79EFBC}") = "ReportingFactoryTests", ".\ReportingFactoryTests\ReportingFactoryTests.csproj", "{3C37B914-253E-49FF-9322-16A5E36CF3E5}"
EndProject
Global
	GlobalSection(SolutionConfigurationPlatforms) = preSolution
		Debug|Any CPU = Debug|Any CPU
		Release|Any CPU = Release|Any CPU
	EndGlobalSection
	GlobalSection(ProjectConfigurationPlatforms) = postSolution
		{15A8DDCA-19AA-4B28-9EB2-7D291DDA0D78}.Debug|Any CPU.ActiveCfg = Debug|Any CPU
		{15A8DDCA-19AA-4B28-9EB2-7D291DDA0D78}.Debug|Any CPU.Build.0 = Debug|Any CPU
		{15A8DDCA-19AA-4B28-9EB2-7D291DDA0D78}.Release|Any CPU.ActiveCfg = Release|Any CPU
		{15A8DDCA-19AA-4B28-9EB2-7D291DDA0D78}.Release|Any CPU.Build.0 = Release|Any CPU
		{3C37B914-253E-49FF-9322-16A5E36CF3E5}.Debug|Any CPU.ActiveCfg = Debug|Any CPU
		{3C37B914-253E-49FF-9322-16A5E36CF3E5}.Debug|Any CPU.Build.0 = Debug|Any CPU
		{3C37B914-253E-49FF-9322-16A5E36CF3E5}.Release|Any CPU.ActiveCfg = Release|Any CPU
		{3C37B914-253E-49FF-9322-16A5E36CF3E5}.Release|Any CPU.Build.0 = Release|Any CPU
	EndGlobalSection
	GlobalSection(SolutionProperties) = preSolution
		HideSolutionNode = FALSE
	EndGlobalSection
	GlobalSection(ExtensibilityGlobals) = postSolution
		SolutionGuid = {4494D4F5-176F-4EC7-821A-7F88168B5958}
	EndGlobalSection
EndGlobal
